
Microsoft Visual Studio Solution File, Format Version 12.00
# Visual Studio Version 17
VisualStudioVersion = 17.9.34622.214
MinimumVisualStudioVersion = 10.0.40219.1
Project("{9A19103F-16F7-4668-BE54-9A1E7A4F7556}") = "TestApp", "TestApp\TestApp.csproj", "{4BACD9B6-EFCE-4997-B583-E9AD704916CF}"
EndProject
Project("{FAE04EC0-301F-11D3-BF4B-00C04F79EFBC}") = "Domain", "Domain\Domain.csproj", "{8F6FA6E8-1DE3-4B66-8393-C17579E83786}"
EndProject
Project("{FAE04EC0-301F-11D3-BF4B-00C04F79EFBC}") = "Application", "Application\Application.csproj", "{7F1AEDEC-C6EB-42F3-92DF-D6AD7E937E36}"
EndProject
Project("{FAE04EC0-301F-11D3-BF4B-00C04F79EFBC}") = "WebApplication1", "WebApplication1\WebApplication1.csproj", "{B4E0A461-E7F0-4BCA-B547-64B88A7FEA88}"
EndProject
Project("{FAE04EC0-301F-11D3-BF4B-00C04F79EFBC}") = "Infrastructure", "Infrastructure\Infrastructure.csproj", "{75113D46-5466-47FF-A5F3-96294990BA33}"
EndProject
Global
	GlobalSection(SolutionConfigurationPlatforms) = preSolution
		Debug|Any CPU = Debug|Any CPU
		Release|Any CPU = Release|Any CPU
	EndGlobalSection
	GlobalSection(ProjectConfigurationPlatforms) = postSolution
		{4BACD9B6-EFCE-4997-B583-E9AD704916CF}.Debug|Any CPU.ActiveCfg = Debug|Any CPU
		{4BACD9B6-EFCE-4997-B583-E9AD704916CF}.Debug|Any CPU.Build.0 = Debug|Any CPU
		{4BACD9B6-EFCE-4997-B583-E9AD704916CF}.Release|Any CPU.ActiveCfg = Release|Any CPU
		{4BACD9B6-EFCE-4997-B583-E9AD704916CF}.Release|Any CPU.Build.0 = Release|Any CPU
		{8F6FA6E8-1DE3-4B66-8393-C17579E83786}.Debug|Any CPU.ActiveCfg = Debug|Any CPU
		{8F6FA6E8-1DE3-4B66-8393-C17579E83786}.Debug|Any CPU.Build.0 = Debug|Any CPU
		{8F6FA6E8-1DE3-4B66-8393-C17579E83786}.Release|Any CPU.ActiveCfg = Release|Any CPU
		{8F6FA6E8-1DE3-4B66-8393-C17579E83786}.Release|Any CPU.Build.0 = Release|Any CPU
		{7F1AEDEC-C6EB-42F3-92DF-D6AD7E937E36}.Debug|Any CPU.ActiveCfg = Debug|Any CPU
		{7F1AEDEC-C6EB-42F3-92DF-D6AD7E937E36}.Debug|Any CPU.Build.0 = Debug|Any CPU
		{7F1AEDEC-C6EB-42F3-92DF-D6AD7E937E36}.Release|Any CPU.ActiveCfg = Release|Any CPU
		{7F1AEDEC-C6EB-42F3-92DF-D6AD7E937E36}.Release|Any CPU.Build.0 = Release|Any CPU
		{B4E0A461-E7F0-4BCA-B547-64B88A7FEA88}.Debug|Any CPU.ActiveCfg = Debug|Any CPU
		{B4E0A461-E7F0-4BCA-B547-64B88A7FEA88}.Debug|Any CPU.Build.0 = Debug|Any CPU
		{B4E0A461-E7F0-4BCA-B547-64B88A7FEA88}.Release|Any CPU.ActiveCfg = Release|Any CPU
		{B4E0A461-E7F0-4BCA-B547-64B88A7FEA88}.Release|Any CPU.Build.0 = Release|Any CPU
		{75113D46-5466-47FF-A5F3-96294990BA33}.Debug|Any CPU.ActiveCfg = Debug|Any CPU
		{75113D46-5466-47FF-A5F3-96294990BA33}.Debug|Any CPU.Build.0 = Debug|Any CPU
		{75113D46-5466-47FF-A5F3-96294990BA33}.Release|Any CPU.ActiveCfg = Release|Any CPU
		{75113D46-5466-47FF-A5F3-96294990BA33}.Release|Any CPU.Build.0 = Release|Any CPU
	EndGlobalSection
	GlobalSection(SolutionProperties) = preSolution
		HideSolutionNode = FALSE
	EndGlobalSection
	GlobalSection(ExtensibilityGlobals) = postSolution
		SolutionGuid = {C2A6B552-ED9C-4CD5-BEB5-DF19708DE4E1}
	EndGlobalSection
EndGlobal
